
Microsoft Visual Studio Solution File, Format Version 12.00
# Visual Studio Version 17
VisualStudioVersion = 17.5.002.0
MinimumVisualStudioVersion = 10.0.40219.1
Project("{9A19103F-16F7-4668-BE54-9A1E7A4F7556}") = "idade", "idade.csproj", "{BF527E63-B431-4082-A57D-A65E54332B37}"
EndProject
Global
	GlobalSection(SolutionConfigurationPlatforms) = preSolution
		Debug|Any CPU = Debug|Any CPU
		Release|Any CPU = Release|Any CPU
	EndGlobalSection
	GlobalSection(ProjectConfigurationPlatforms) = postSolution
		{BF527E63-B431-4082-A57D-A65E54332B37}.Debug|Any CPU.ActiveCfg = Debug|Any CPU
		{BF527E63-B431-4082-A57D-A65E54332B37}.Debug|Any CPU.Build.0 = Debug|Any CPU
		{BF527E63-B431-4082-A57D-A65E54332B37}.Release|Any CPU.ActiveCfg = Release|Any CPU
		{BF527E63-B431-4082-A57D-A65E54332B37}.Release|Any CPU.Build.0 = Release|Any CPU
	EndGlobalSection
	GlobalSection(SolutionProperties) = preSolution
		HideSolutionNode = FALSE
	EndGlobalSection
	GlobalSection(ExtensibilityGlobals) = postSolution
		SolutionGuid = {8B1D25EE-61BB-4D88-A2D0-7B55C6CA596B}
	EndGlobalSection
EndGlobal
